
Microsoft Visual Studio Solution File, Format Version 11.00
# Visual Studio 2010
Project("{8BC9CEB8-8B4A-11D0-8D11-00A0C91BC942}") = "HelloWorldPrg", "HelloWorldPrg\HelloWorldPrg.vcxproj", "{E61D00EB-1A9B-4EC0-A60F-1D2B6AC0B86C}"
EndProject
Global
	GlobalSection(SolutionConfigurationPlatforms) = preSolution
		Debug|Win32 = Debug|Win32
		Release|Win32 = Release|Win32
	EndGlobalSection
	GlobalSection(ProjectConfigurationPlatforms) = postSolution
		{E61D00EB-1A9B-4EC0-A60F-1D2B6AC0B86C}.Debug|Win32.ActiveCfg = Debug|Win32
		{E61D00EB-1A9B-4EC0-A60F-1D2B6AC0B86C}.Debug|Win32.Build.0 = Debug|Win32
		{E61D00EB-1A9B-4EC0-A60F-1D2B6AC0B86C}.Release|Win32.ActiveCfg = Release|Win32
		{E61D00EB-1A9B-4EC0-A60F-1D2B6AC0B86C}.Release|Win32.Build.0 = Release|Win32
	EndGlobalSection
	GlobalSection(SolutionProperties) = preSolution
		HideSolutionNode = FALSE
	EndGlobalSection
EndGlobal
